Microsoft Visual Studio Solution File, Format Version 12.00
# Visual Studio Version 17
VisualStudioVersion = 17.0.31314.256
MinimumVisualStudioVersion = 10.0.40219.1
Project("{FAE04EC0-301F-11D3-BF4B-00C04F79EFBC}") = "Game", "Source\Game.csproj", "{8C88C93C-9FA6-4D33-B2DC-68074B44E86E}"
EndProject
Project("{FAE04EC0-301F-11D3-BF4B-00C04F79EFBC}") = "BuildScripts", "Cache\Projects\BuildScripts.csproj", "{EB60EE81-E08E-41D7-AA55-C8FFA3DC8A6A}"
EndProject
Global
	GlobalSection(SolutionConfigurationPlatforms) = preSolution
		Debug|Any CPU = Debug|Any CPU
		Debug|Win32 = Debug|Win32
		Debug|Win64 = Debug|Win64
		Editor.Debug|Any CPU = Editor.Debug|Any CPU
		Editor.Debug|Win32 = Editor.Debug|Win32
		Editor.Debug|Win64 = Editor.Debug|Win64
		Editor.Development|Any CPU = Editor.Development|Any CPU
		Editor.Development|Win32 = Editor.Development|Win32
		Editor.Development|Win64 = Editor.Development|Win64
		Editor.Release|Any CPU = Editor.Release|Any CPU
		Editor.Release|Win32 = Editor.Release|Win32
		Editor.Release|Win64 = Editor.Release|Win64
		Game.Debug|Any CPU = Game.Debug|Any CPU
		Game.Debug|Win32 = Game.Debug|Win32
		Game.Debug|Win64 = Game.Debug|Win64
		Game.Development|Any CPU = Game.Development|Any CPU
		Game.Development|Win32 = Game.Development|Win32
		Game.Development|Win64 = Game.Development|Win64
		Game.Release|Any CPU = Game.Release|Any CPU
		Game.Release|Win32 = Game.Release|Win32
		Game.Release|Win64 = Game.Release|Win64
	EndGlobalSection
	GlobalSection(ProjectConfigurationPlatforms) = postSolution
		{8C88C93C-9FA6-4D33-B2DC-68074B44E86E}.Debug|Any CPU.ActiveCfg = Editor.Windows.Debug|x64
		{8C88C93C-9FA6-4D33-B2DC-68074B44E86E}.Debug|Win32.ActiveCfg = Game.Windows.Debug|Win32
		{8C88C93C-9FA6-4D33-B2DC-68074B44E86E}.Debug|Win64.ActiveCfg = Editor.Windows.Debug|x64
		{8C88C93C-9FA6-4D33-B2DC-68074B44E86E}.Editor.Debug|Any CPU.ActiveCfg = Editor.Windows.Debug|x64
		{8C88C93C-9FA6-4D33-B2DC-68074B44E86E}.Editor.Debug|Win32.ActiveCfg = Game.Windows.Debug|Win32
		{8C88C93C-9FA6-4D33-B2DC-68074B44E86E}.Editor.Debug|Win64.ActiveCfg = Editor.Windows.Debug|x64
		{8C88C93C-9FA6-4D33-B2DC-68074B44E86E}.Editor.Debug|Win64.Build.0 = Editor.Windows.Debug|x64
		{8C88C93C-9FA6-4D33-B2DC-68074B44E86E}.Editor.Development|Any CPU.ActiveCfg = Editor.Windows.Debug|x64
		{8C88C93C-9FA6-4D33-B2DC-68074B44E86E}.Editor.Development|Win32.ActiveCfg = Game.Windows.Debug|Win32
		{8C88C93C-9FA6-4D33-B2DC-68074B44E86E}.Editor.Development|Win64.ActiveCfg = Editor.Windows.Development|x64
		{8C88C93C-9FA6-4D33-B2DC-68074B44E86E}.Editor.Development|Win64.Build.0 = Editor.Windows.Development|x64
		{8C88C93C-9FA6-4D33-B2DC-68074B44E86E}.Editor.Release|Any CPU.ActiveCfg = Editor.Windows.Debug|x64
		{8C88C93C-9FA6-4D33-B2DC-68074B44E86E}.Editor.Release|Win32.ActiveCfg = Game.Windows.Debug|Win32
		{8C88C93C-9FA6-4D33-B2DC-68074B44E86E}.Editor.Release|Win64.ActiveCfg = Editor.Windows.Release|x64
		{8C88C93C-9FA6-4D33-B2DC-68074B44E86E}.Editor.Release|Win64.Build.0 = Editor.Windows.Release|x64
		{8C88C93C-9FA6-4D33-B2DC-68074B44E86E}.Game.Debug|Any CPU.ActiveCfg = Editor.Windows.Debug|x64
		{8C88C93C-9FA6-4D33-B2DC-68074B44E86E}.Game.Debug|Win32.ActiveCfg = Game.Windows.Debug|Win32
		{8C88C93C-9FA6-4D33-B2DC-68074B44E86E}.Game.Debug|Win32.Build.0 = Game.Windows.Debug|Win32
		{8C88C93C-9FA6-4D33-B2DC-68074B44E86E}.Game.Debug|Win64.ActiveCfg = Game.Windows.Debug|x64
		{8C88C93C-9FA6-4D33-B2DC-68074B44E86E}.Game.Debug|Win64.Build.0 = Game.Windows.Debug|x64
		{8C88C93C-9FA6-4D33-B2DC-68074B44E86E}.Game.Development|Any CPU.ActiveCfg = Editor.Windows.Debug|x64
		{8C88C93C-9FA6-4D33-B2DC-68074B44E86E}.Game.Development|Win32.ActiveCfg = Game.Windows.Development|Win32
		{8C88C93C-9FA6-4D33-B2DC-68074B44E86E}.Game.Development|Win32.Build.0 = Game.Windows.Development|Win32
		{8C88C93C-9FA6-4D33-B2DC-68074B44E86E}.Game.Development|Win64.ActiveCfg = Game.Windows.Development|x64
		{8C88C93C-9FA6-4D33-B2DC-68074B44E86E}.Game.Development|Win64.Build.0 = Game.Windows.Development|x64
		{8C88C93C-9FA6-4D33-B2DC-68074B44E86E}.Game.Release|Any CPU.ActiveCfg = Editor.Windows.Debug|x64
		{8C88C93C-9FA6-4D33-B2DC-68074B44E86E}.Game.Release|Win32.ActiveCfg = Game.Windows.Release|Win32
		{8C88C93C-9FA6-4D33-B2DC-68074B44E86E}.Game.Release|Win32.Build.0 = Game.Windows.Release|Win32
		{8C88C93C-9FA6-4D33-B2DC-68074B44E86E}.Game.Release|Win64.ActiveCfg = Game.Windows.Release|x64
		{8C88C93C-9FA6-4D33-B2DC-68074B44E86E}.Game.Release|Win64.Build.0 = Game.Windows.Release|x64
		{EB60EE81-E08E-41D7-AA55-C8FFA3DC8A6A}.Debug|Any CPU.ActiveCfg = Debug|Any CPU
		{EB60EE81-E08E-41D7-AA55-C8FFA3DC8A6A}.Debug|Win32.ActiveCfg = Debug|Any CPU
		{EB60EE81-E08E-41D7-AA55-C8FFA3DC8A6A}.Debug|Win64.ActiveCfg = Debug|Any CPU
		{EB60EE81-E08E-41D7-AA55-C8FFA3DC8A6A}.Editor.Debug|Any CPU.ActiveCfg = Debug|Any CPU
		{EB60EE81-E08E-41D7-AA55-C8FFA3DC8A6A}.Editor.Debug|Win32.ActiveCfg = Debug|Any CPU
		{EB60EE81-E08E-41D7-AA55-C8FFA3DC8A6A}.Editor.Debug|Win64.ActiveCfg = Debug|Any CPU
		{EB60EE81-E08E-41D7-AA55-C8FFA3DC8A6A}.Editor.Development|Any CPU.ActiveCfg = Debug|Any CPU
		{EB60EE81-E08E-41D7-AA55-C8FFA3DC8A6A}.Editor.Development|Win32.ActiveCfg = Debug|Any CPU
		{EB60EE81-E08E-41D7-AA55-C8FFA3DC8A6A}.Editor.Development|Win64.ActiveCfg = Debug|Any CPU
		{EB60EE81-E08E-41D7-AA55-C8FFA3DC8A6A}.Editor.Release|Any CPU.ActiveCfg = Debug|Any CPU
		{EB60EE81-E08E-41D7-AA55-C8FFA3DC8A6A}.Editor.Release|Win32.ActiveCfg = Debug|Any CPU
		{EB60EE81-E08E-41D7-AA55-C8FFA3DC8A6A}.Editor.Release|Win64.ActiveCfg = Debug|Any CPU
		{EB60EE81-E08E-41D7-AA55-C8FFA3DC8A6A}.Game.Debug|Any CPU.ActiveCfg = Debug|Any CPU
		{EB60EE81-E08E-41D7-AA55-C8FFA3DC8A6A}.Game.Debug|Win32.ActiveCfg = Debug|Any CPU
		{EB60EE81-E08E-41D7-AA55-C8FFA3DC8A6A}.Game.Debug|Win64.ActiveCfg = Debug|Any CPU
		{EB60EE81-E08E-41D7-AA55-C8FFA3DC8A6A}.Game.Development|Any CPU.ActiveCfg = Debug|Any CPU
		{EB60EE81-E08E-41D7-AA55-C8FFA3DC8A6A}.Game.Development|Win32.ActiveCfg = Debug|Any CPU
		{EB60EE81-E08E-41D7-AA55-C8FFA3DC8A6A}.Game.Development|Win64.ActiveCfg = Debug|Any CPU
		{EB60EE81-E08E-41D7-AA55-C8FFA3DC8A6A}.Game.Release|Any CPU.ActiveCfg = Debug|Any CPU
		{EB60EE81-E08E-41D7-AA55-C8FFA3DC8A6A}.Game.Release|Win32.ActiveCfg = Debug|Any CPU
		{EB60EE81-E08E-41D7-AA55-C8FFA3DC8A6A}.Game.Release|Win64.ActiveCfg = Debug|Any CPU
	EndGlobalSection
	GlobalSection(SolutionProperties) = preSolution
		HideSolutionNode = FALSE
	EndGlobalSection
	GlobalSection(NestedProjects) = preSolution
	EndGlobalSection
	GlobalSection(ExtensibilityGlobals) = postSolution
		SolutionGuid = {E1D92329-C056-4FB8-8AAF-970B6FBE4631}
	EndGlobalSection
EndGlobal
