Microsoft Visual Studio Solution File, Format Version 12.00
# Visual Studio Version 17
VisualStudioVersion = 17.0.31314.256
MinimumVisualStudioVersion = 10.0.40219.1
Project("{FAE04EC0-301F-11D3-BF4B-00C04F79EFBC}") = "Game", "Source\Game.csproj", "{EA8E52BA-02E3-4BF9-93A9-3DAC24EDC4F7}"
EndProject
Project("{FAE04EC0-301F-11D3-BF4B-00C04F79EFBC}") = "BuildScripts", "Cache\Projects\BuildScripts.csproj", "{007FF918-5322-4549-847F-531E6373C276}"
EndProject
Global
	GlobalSection(SolutionConfigurationPlatforms) = preSolution
		Debug|Any CPU = Debug|Any CPU
		Debug|Win32 = Debug|Win32
		Debug|Win64 = Debug|Win64
		Editor.Debug|Any CPU = Editor.Debug|Any CPU
		Editor.Debug|Win32 = Editor.Debug|Win32
		Editor.Debug|Win64 = Editor.Debug|Win64
		Editor.Development|Any CPU = Editor.Development|Any CPU
		Editor.Development|Win32 = Editor.Development|Win32
		Editor.Development|Win64 = Editor.Development|Win64
		Editor.Release|Any CPU = Editor.Release|Any CPU
		Editor.Release|Win32 = Editor.Release|Win32
		Editor.Release|Win64 = Editor.Release|Win64
		Game.Debug|Any CPU = Game.Debug|Any CPU
		Game.Debug|Win32 = Game.Debug|Win32
		Game.Debug|Win64 = Game.Debug|Win64
		Game.Development|Any CPU = Game.Development|Any CPU
		Game.Development|Win32 = Game.Development|Win32
		Game.Development|Win64 = Game.Development|Win64
		Game.Release|Any CPU = Game.Release|Any CPU
		Game.Release|Win32 = Game.Release|Win32
		Game.Release|Win64 = Game.Release|Win64
	EndGlobalSection
	GlobalSection(ProjectConfigurationPlatforms) = postSolution
		{EA8E52BA-02E3-4BF9-93A9-3DAC24EDC4F7}.Debug|Any CPU.ActiveCfg = Editor.Windows.Debug|x64
		{EA8E52BA-02E3-4BF9-93A9-3DAC24EDC4F7}.Debug|Win32.ActiveCfg = Game.Windows.Debug|Win32
		{EA8E52BA-02E3-4BF9-93A9-3DAC24EDC4F7}.Debug|Win64.ActiveCfg = Editor.Windows.Debug|x64
		{EA8E52BA-02E3-4BF9-93A9-3DAC24EDC4F7}.Editor.Debug|Any CPU.ActiveCfg = Editor.Windows.Debug|x64
		{EA8E52BA-02E3-4BF9-93A9-3DAC24EDC4F7}.Editor.Debug|Win32.ActiveCfg = Game.Windows.Debug|Win32
		{EA8E52BA-02E3-4BF9-93A9-3DAC24EDC4F7}.Editor.Debug|Win64.ActiveCfg = Editor.Windows.Debug|x64
		{EA8E52BA-02E3-4BF9-93A9-3DAC24EDC4F7}.Editor.Debug|Win64.Build.0 = Editor.Windows.Debug|x64
		{EA8E52BA-02E3-4BF9-93A9-3DAC24EDC4F7}.Editor.Development|Any CPU.ActiveCfg = Editor.Windows.Debug|x64
		{EA8E52BA-02E3-4BF9-93A9-3DAC24EDC4F7}.Editor.Development|Win32.ActiveCfg = Game.Windows.Debug|Win32
		{EA8E52BA-02E3-4BF9-93A9-3DAC24EDC4F7}.Editor.Development|Win64.ActiveCfg = Editor.Windows.Development|x64
		{EA8E52BA-02E3-4BF9-93A9-3DAC24EDC4F7}.Editor.Development|Win64.Build.0 = Editor.Windows.Development|x64
		{EA8E52BA-02E3-4BF9-93A9-3DAC24EDC4F7}.Editor.Release|Any CPU.ActiveCfg = Editor.Windows.Debug|x64
		{EA8E52BA-02E3-4BF9-93A9-3DAC24EDC4F7}.Editor.Release|Win32.ActiveCfg = Game.Windows.Debug|Win32
		{EA8E52BA-02E3-4BF9-93A9-3DAC24EDC4F7}.Editor.Release|Win64.ActiveCfg = Editor.Windows.Release|x64
		{EA8E52BA-02E3-4BF9-93A9-3DAC24EDC4F7}.Editor.Release|Win64.Build.0 = Editor.Windows.Release|x64
		{EA8E52BA-02E3-4BF9-93A9-3DAC24EDC4F7}.Game.Debug|Any CPU.ActiveCfg = Editor.Windows.Debug|x64
		{EA8E52BA-02E3-4BF9-93A9-3DAC24EDC4F7}.Game.Debug|Win32.ActiveCfg = Game.Windows.Debug|Win32
		{EA8E52BA-02E3-4BF9-93A9-3DAC24EDC4F7}.Game.Debug|Win32.Build.0 = Game.Windows.Debug|Win32
		{EA8E52BA-02E3-4BF9-93A9-3DAC24EDC4F7}.Game.Debug|Win64.ActiveCfg = Game.Windows.Debug|x64
		{EA8E52BA-02E3-4BF9-93A9-3DAC24EDC4F7}.Game.Debug|Win64.Build.0 = Game.Windows.Debug|x64
		{EA8E52BA-02E3-4BF9-93A9-3DAC24EDC4F7}.Game.Development|Any CPU.ActiveCfg = Editor.Windows.Debug|x64
		{EA8E52BA-02E3-4BF9-93A9-3DAC24EDC4F7}.Game.Development|Win32.ActiveCfg = Game.Windows.Development|Win32
		{EA8E52BA-02E3-4BF9-93A9-3DAC24EDC4F7}.Game.Development|Win32.Build.0 = Game.Windows.Development|Win32
		{EA8E52BA-02E3-4BF9-93A9-3DAC24EDC4F7}.Game.Development|Win64.ActiveCfg = Game.Windows.Development|x64
		{EA8E52BA-02E3-4BF9-93A9-3DAC24EDC4F7}.Game.Development|Win64.Build.0 = Game.Windows.Development|x64
		{EA8E52BA-02E3-4BF9-93A9-3DAC24EDC4F7}.Game.Release|Any CPU.ActiveCfg = Editor.Windows.Debug|x64
		{EA8E52BA-02E3-4BF9-93A9-3DAC24EDC4F7}.Game.Release|Win32.ActiveCfg = Game.Windows.Release|Win32
		{EA8E52BA-02E3-4BF9-93A9-3DAC24EDC4F7}.Game.Release|Win32.Build.0 = Game.Windows.Release|Win32
		{EA8E52BA-02E3-4BF9-93A9-3DAC24EDC4F7}.Game.Release|Win64.ActiveCfg = Game.Windows.Release|x64
		{EA8E52BA-02E3-4BF9-93A9-3DAC24EDC4F7}.Game.Release|Win64.Build.0 = Game.Windows.Release|x64
		{007FF918-5322-4549-847F-531E6373C276}.Debug|Any CPU.ActiveCfg = Debug|Any CPU
		{007FF918-5322-4549-847F-531E6373C276}.Debug|Win32.ActiveCfg = Debug|Any CPU
		{007FF918-5322-4549-847F-531E6373C276}.Debug|Win64.ActiveCfg = Debug|Any CPU
		{007FF918-5322-4549-847F-531E6373C276}.Editor.Debug|Any CPU.ActiveCfg = Debug|Any CPU
		{007FF918-5322-4549-847F-531E6373C276}.Editor.Debug|Win32.ActiveCfg = Debug|Any CPU
		{007FF918-5322-4549-847F-531E6373C276}.Editor.Debug|Win64.ActiveCfg = Debug|Any CPU
		{007FF918-5322-4549-847F-531E6373C276}.Editor.Development|Any CPU.ActiveCfg = Debug|Any CPU
		{007FF918-5322-4549-847F-531E6373C276}.Editor.Development|Win32.ActiveCfg = Debug|Any CPU
		{007FF918-5322-4549-847F-531E6373C276}.Editor.Development|Win64.ActiveCfg = Debug|Any CPU
		{007FF918-5322-4549-847F-531E6373C276}.Editor.Release|Any CPU.ActiveCfg = Debug|Any CPU
		{007FF918-5322-4549-847F-531E6373C276}.Editor.Release|Win32.ActiveCfg = Debug|Any CPU
		{007FF918-5322-4549-847F-531E6373C276}.Editor.Release|Win64.ActiveCfg = Debug|Any CPU
		{007FF918-5322-4549-847F-531E6373C276}.Game.Debug|Any CPU.ActiveCfg = Debug|Any CPU
		{007FF918-5322-4549-847F-531E6373C276}.Game.Debug|Win32.ActiveCfg = Debug|Any CPU
		{007FF918-5322-4549-847F-531E6373C276}.Game.Debug|Win64.ActiveCfg = Debug|Any CPU
		{007FF918-5322-4549-847F-531E6373C276}.Game.Development|Any CPU.ActiveCfg = Debug|Any CPU
		{007FF918-5322-4549-847F-531E6373C276}.Game.Development|Win32.ActiveCfg = Debug|Any CPU
		{007FF918-5322-4549-847F-531E6373C276}.Game.Development|Win64.ActiveCfg = Debug|Any CPU
		{007FF918-5322-4549-847F-531E6373C276}.Game.Release|Any CPU.ActiveCfg = Debug|Any CPU
		{007FF918-5322-4549-847F-531E6373C276}.Game.Release|Win32.ActiveCfg = Debug|Any CPU
		{007FF918-5322-4549-847F-531E6373C276}.Game.Release|Win64.ActiveCfg = Debug|Any CPU
	EndGlobalSection
	GlobalSection(SolutionProperties) = preSolution
		HideSolutionNode = FALSE
	EndGlobalSection
	GlobalSection(NestedProjects) = preSolution
	EndGlobalSection
	GlobalSection(ExtensibilityGlobals) = postSolution
		SolutionGuid = {E1D92329-C056-4FB8-8AAF-970B6FBE4631}
	EndGlobalSection
EndGlobal
